
Microsoft Visual Studio Solution File, Format Version 12.00
# Visual Studio Version 17
VisualStudioVersion = 17.8.34330.188
MinimumVisualStudioVersion = 10.0.40219.1
Project("{8BC9CEB8-8B4A-11D0-8D11-00A0C91BC942}") = "InfinityHookProLib", "InfinityHookProLib\InfinityHookProLib.vcxproj", "{DE26D310-5DF9-4A0E-834C-949C7E786687}"
EndProject
Project("{8BC9CEB8-8B4A-11D0-8D11-00A0C91BC942}") = "InfHookTest", "InfHookTest\InfHookTest.vcxproj", "{6AD86555-A522-4009-B59B-DD0CBB0DC54C}"
EndProject
Global
	GlobalSection(SolutionConfigurationPlatforms) = preSolution
		Debug|ARM64 = Debug|ARM64
		Debug|x64 = Debug|x64
		Release|ARM64 = Release|ARM64
		Release|x64 = Release|x64
	EndGlobalSection
	GlobalSection(ProjectConfigurationPlatforms) = postSolution
		{DE26D310-5DF9-4A0E-834C-949C7E786687}.Debug|ARM64.ActiveCfg = Debug|ARM64
		{DE26D310-5DF9-4A0E-834C-949C7E786687}.Debug|ARM64.Build.0 = Debug|ARM64
		{DE26D310-5DF9-4A0E-834C-949C7E786687}.Debug|ARM64.Deploy.0 = Debug|ARM64
		{DE26D310-5DF9-4A0E-834C-949C7E786687}.Debug|x64.ActiveCfg = Debug|x64
		{DE26D310-5DF9-4A0E-834C-949C7E786687}.Debug|x64.Build.0 = Debug|x64
		{DE26D310-5DF9-4A0E-834C-949C7E786687}.Debug|x64.Deploy.0 = Debug|x64
		{DE26D310-5DF9-4A0E-834C-949C7E786687}.Release|ARM64.ActiveCfg = Release|ARM64
		{DE26D310-5DF9-4A0E-834C-949C7E786687}.Release|ARM64.Build.0 = Release|ARM64
		{DE26D310-5DF9-4A0E-834C-949C7E786687}.Release|ARM64.Deploy.0 = Release|ARM64
		{DE26D310-5DF9-4A0E-834C-949C7E786687}.Release|x64.ActiveCfg = Release|x64
		{DE26D310-5DF9-4A0E-834C-949C7E786687}.Release|x64.Build.0 = Release|x64
		{DE26D310-5DF9-4A0E-834C-949C7E786687}.Release|x64.Deploy.0 = Release|x64
		{6AD86555-A522-4009-B59B-DD0CBB0DC54C}.Debug|ARM64.ActiveCfg = Debug|ARM64
		{6AD86555-A522-4009-B59B-DD0CBB0DC54C}.Debug|ARM64.Build.0 = Debug|ARM64
		{6AD86555-A522-4009-B59B-DD0CBB0DC54C}.Debug|ARM64.Deploy.0 = Debug|ARM64
		{6AD86555-A522-4009-B59B-DD0CBB0DC54C}.Debug|x64.ActiveCfg = Debug|x64
		{6AD86555-A522-4009-B59B-DD0CBB0DC54C}.Debug|x64.Build.0 = Debug|x64
		{6AD86555-A522-4009-B59B-DD0CBB0DC54C}.Debug|x64.Deploy.0 = Debug|x64
		{6AD86555-A522-4009-B59B-DD0CBB0DC54C}.Release|ARM64.ActiveCfg = Release|ARM64
		{6AD86555-A522-4009-B59B-DD0CBB0DC54C}.Release|ARM64.Build.0 = Release|ARM64
		{6AD86555-A522-4009-B59B-DD0CBB0DC54C}.Release|ARM64.Deploy.0 = Release|ARM64
		{6AD86555-A522-4009-B59B-DD0CBB0DC54C}.Release|x64.ActiveCfg = Release|x64
		{6AD86555-A522-4009-B59B-DD0CBB0DC54C}.Release|x64.Build.0 = Release|x64
		{6AD86555-A522-4009-B59B-DD0CBB0DC54C}.Release|x64.Deploy.0 = Release|x64
	EndGlobalSection
	GlobalSection(SolutionProperties) = preSolution
		HideSolutionNode = FALSE
	EndGlobalSection
	GlobalSection(ExtensibilityGlobals) = postSolution
		SolutionGuid = {1A40BE90-B4AB-47B7-8103-EA65C189AAB6}
	EndGlobalSection
EndGlobal
