<?xml version="1.0" encoding="utf-8"?>
<Project ToolsVersion="4.0" xmlns="http://schemas.microsoft.com/developer/msbuild/2003">
  <ItemGroup>
    <Filter Include="Driver Files">
      <UniqueIdentifier>{8E41214B-6785-4CFE-B992-037D68949A14}</UniqueIdentifier>
      <Extensions>inf;inv;inx;mof;mc;</Extensions>
    </Filter>
    <Filter Include="src">
      <UniqueIdentifier>{ea190004-16e0-4d25-bc90-3edb2c9915f9}</UniqueIdentifier>
    </Filter>
    <Filter Include="src\hde">
      <UniqueIdentifier>{645c40d5-22c3-4605-9b53-b1a11b2f501f}</UniqueIdentifier>
    </Filter>
  </ItemGroup>
  <ItemGroup>
    <Inf Include="InfinityHookProLib.inf">
      <Filter>Driver Files</Filter>
    </Inf>
  </ItemGroup>
  <ItemGroup>
    <ClCompile Include="EventTrace.c">
      <Filter>src</Filter>
    </ClCompile>
    <ClCompile Include="InfinityHookProLib.c">
      <Filter>src</Filter>
    </ClCompile>
    <ClCompile Include="Utils.c">
      <Filter>src</Filter>
    </ClCompile>
    <ClCompile Include="hde\hde64.cpp">
      <Filter>src\hde</Filter>
    </ClCompile>
  </ItemGroup>
  <ItemGroup>
    <None Include="packages.config" />
  </ItemGroup>
  <ItemGroup>
    <ClInclude Include="Defs.h">
      <Filter>src</Filter>
    </ClInclude>
    <ClInclude Include="EventTrace.h">
      <Filter>src</Filter>
    </ClInclude>
    <ClInclude Include="..\include\InfinityHookProLib.h">
      <Filter>src</Filter>
    </ClInclude>
    <ClInclude Include="Log.h">
      <Filter>src</Filter>
    </ClInclude>
    <ClInclude Include="Utils.h">
      <Filter>src</Filter>
    </ClInclude>
    <ClInclude Include="hde\hde64.h">
      <Filter>src\hde</Filter>
    </ClInclude>
    <ClInclude Include="hde\pstdint.h">
      <Filter>src\hde</Filter>
    </ClInclude>
    <ClInclude Include="hde\table64.h">
      <Filter>src\hde</Filter>
    </ClInclude>
  </ItemGroup>
</Project>